// !$*UTF8*$!
{
	archiveVersion = 1;
	classes = {
	};
	objectVersion = 46;
	objects = {

/* Begin PBXBuildFile section */
		B5D006A118889EF900C13D95 /* AVFoundation.framework in Frameworks */ = {isa = PBXBuildFile; fileRef = B5D006A018889EF900C13D95 /* AVFoundation.framework */; };
		B5DE43EC1885EB240026526B /* Foundation.framework in Frameworks */ = {isa = PBXBuildFile; fileRef = B5DE43EB1885EB240026526B /* Foundation.framework */; };
		B5DE43EE1885EB240026526B /* CoreGraphics.framework in Frameworks */ = {isa = PBXBuildFile; fileRef = B5DE43ED1885EB240026526B /* CoreGraphics.framework */; };
		B5DE43F01885EB240026526B /* UIKit.framework in Frameworks */ = {isa = PBXBuildFile; fileRef = B5DE43EF1885EB240026526B /* UIKit.framework */; };
		B5DE43F61885EB240026526B /* InfoPlist.strings in Resources */ = {isa = PBXBuildFile; fileRef = B5DE43F41885EB240026526B /* InfoPlist.strings */; };
		B5DE43F81885EB240026526B /* main.m in Sources */ = {isa = PBXBuildFile; fileRef = B5DE43F71885EB240026526B /* main.m */; };
		B5DE43FC1885EB240026526B /* DSRAppDelegate.m in Sources */ = {isa = PBXBuildFile; fileRef = B5DE43FB1885EB240026526B /* DSRAppDelegate.m */; };
		B5DE43FF1885EB240026526B /* Main_iPhone.storyboard in Resources */ = {isa = PBXBuildFile; fileRef = B5DE43FD1885EB240026526B /* Main_iPhone.storyboard */; };
		B5DE44021885EB240026526B /* Main_iPad.storyboard in Resources */ = {isa = PBXBuildFile; fileRef = B5DE44001885EB240026526B /* Main_iPad.storyboard */; };
		B5DE44051885EB240026526B /* DSRMasterViewController.m in Sources */ = {isa = PBXBuildFile; fileRef = B5DE44041885EB240026526B /* DSRMasterViewController.m */; };
		B5DE44081885EB240026526B /* DSRDetailViewController.m in Sources */ = {isa = PBXBuildFile; fileRef = B5DE44071885EB240026526B /* DSRDetailViewController.m */; };
		B5DE440A1885EB240026526B /* Images.xcassets in Resources */ = {isa = PBXBuildFile; fileRef = B5DE44091885EB240026526B /* Images.xcassets */; };
		B5DE44111885EB240026526B /* XCTest.framework in Frameworks */ = {isa = PBXBuildFile; fileRef = B5DE44101885EB240026526B /* XCTest.framework */; };
		B5DE44121885EB240026526B /* Foundation.framework in Frameworks */ = {isa = PBXBuildFile; fileRef = B5DE43EB1885EB240026526B /* Foundation.framework */; };
		B5DE44131885EB240026526B /* UIKit.framework in Frameworks */ = {isa = PBXBuildFile; fileRef = B5DE43EF1885EB240026526B /* UIKit.framework */; };
		B5DE441B1885EB240026526B /* InfoPlist.strings in Resources */ = {isa = PBXBuildFile; fileRef = B5DE44191885EB240026526B /* InfoPlist.strings */; };
		B5DE441D1885EB240026526B /* dsearchTests.m in Sources */ = {isa = PBXBuildFile; fileRef = B5DE441C1885EB240026526B /* dsearchTests.m */; };
		B5DE44291885F2380026526B /* DSRRequestManager.m in Sources */ = {isa = PBXBuildFile; fileRef = B5DE44281885F2380026526B /* DSRRequestManager.m */; };
		B5DE442D188620260026526B /* DSRDeezerSearch.m in Sources */ = {isa = PBXBuildFile; fileRef = B5DE442C188620260026526B /* DSRDeezerSearch.m */; };
		B5DE4430188628230026526B /* DSRArtist.m in Sources */ = {isa = PBXBuildFile; fileRef = B5DE442F188628230026526B /* DSRArtist.m */; };
		B5DE4433188628830026526B /* DSRObject.m in Sources */ = {isa = PBXBuildFile; fileRef = B5DE4432188628830026526B /* DSRObject.m */; };
		B5DE443618862F590026526B /* DSRAlbum.m in Sources */ = {isa = PBXBuildFile; fileRef = B5DE443518862F590026526B /* DSRAlbum.m */; };
		B5DE443918862F640026526B /* DSRTrack.m in Sources */ = {isa = PBXBuildFile; fileRef = B5DE443818862F640026526B /* DSRTrack.m */; };
/* End PBXBuildFile section */

/* Begin PBXContainerItemProxy section */
		B5DE44141885EB240026526B /* PBXContainerItemProxy */ = {
			isa = PBXContainerItemProxy;
			containerPortal = B5DE43E01885EB240026526B /* Project object */;
			proxyType = 1;
			remoteGlobalIDString = B5DE43E71885EB240026526B;
			remoteInfo = dsearch;
		};
/* End PBXContainerItemProxy section */

/* Begin PBXFileReference section */
		B5D006A018889EF900C13D95 /* AVFoundation.framework */ = {isa = PBXFileReference; lastKnownFileType = wrapper.framework; name = AVFoundation.framework; path = System/Library/Frameworks/AVFoundation.framework; sourceTree = SDKROOT; };
		B5DE43E81885EB240026526B /* dsearch.app */ = {isa = PBXFileReference; explicitFileType = wrapper.application; includeInIndex = 0; path = dsearch.app; sourceTree = BUILT_PRODUCTS_DIR; };
		B5DE43EB1885EB240026526B /* Foundation.framework */ = {isa = PBXFileReference; lastKnownFileType = wrapper.framework; name = Foundation.framework; path = System/Library/Frameworks/Foundation.framework; sourceTree = SDKROOT; };
		B5DE43ED1885EB240026526B /* CoreGraphics.framework */ = {isa = PBXFileReference; lastKnownFileType = wrapper.framework; name = CoreGraphics.framework; path = System/Library/Frameworks/CoreGraphics.framework; sourceTree = SDKROOT; };
		B5DE43EF1885EB240026526B /* UIKit.framework */ = {isa = PBXFileReference; lastKnownFileType = wrapper.framework; name = UIKit.framework; path = System/Library/Frameworks/UIKit.framework; sourceTree = SDKROOT; };
		B5DE43F31885EB240026526B /* dsearch-Info.plist */ = {isa = PBXFileReference; lastKnownFileType = text.plist.xml; path = "dsearch-Info.plist"; sourceTree = "<group>"; };
		B5DE43F51885EB240026526B /* en */ = {isa = PBXFileReference; lastKnownFileType = text.plist.strings; name = en; path = en.lproj/InfoPlist.strings; sourceTree = "<group>"; };
		B5DE43F71885EB240026526B /* main.m */ = {isa = PBXFileReference; lastKnownFileType = sourcecode.c.objc; path = main.m; sourceTree = "<group>"; };
		B5DE43F91885EB240026526B /* dsearch-Prefix.pch */ = {isa = PBXFileReference; lastKnownFileType = sourcecode.c.h; path = "dsearch-Prefix.pch"; sourceTree = "<group>"; };
		B5DE43FA1885EB240026526B /* DSRAppDelegate.h */ = {isa = PBXFileReference; lastKnownFileType = sourcecode.c.h; path = DSRAppDelegate.h; sourceTree = "<group>"; };
		B5DE43FB1885EB240026526B /* DSRAppDelegate.m */ = {isa = PBXFileReference; lastKnownFileType = sourcecode.c.objc; path = DSRAppDelegate.m; sourceTree = "<group>"; };
		B5DE43FE1885EB240026526B /* Base */ = {isa = PBXFileReference; lastKnownFileType = file.storyboard; name = Base; path = Base.lproj/Main_iPhone.storyboard; sourceTree = "<group>"; };
		B5DE44011885EB240026526B /* Base */ = {isa = PBXFileReference; lastKnownFileType = file.storyboard; name = Base; path = Base.lproj/Main_iPad.storyboard; sourceTree = "<group>"; };
		B5DE44031885EB240026526B /* DSRMasterViewController.h */ = {isa = PBXFileReference; lastKnownFileType = sourcecode.c.h; path = DSRMasterViewController.h; sourceTree = "<group>"; };
		B5DE44041885EB240026526B /* DSRMasterViewController.m */ = {isa = PBXFileReference; lastKnownFileType = sourcecode.c.objc; path = DSRMasterViewController.m; sourceTree = "<group>"; };
		B5DE44061885EB240026526B /* DSRDetailViewController.h */ = {isa = PBXFileReference; lastKnownFileType = sourcecode.c.h; path = DSRDetailViewController.h; sourceTree = "<group>"; };
		B5DE44071885EB240026526B /* DSRDetailViewController.m */ = {isa = PBXFileReference; lastKnownFileType = sourcecode.c.objc; path = DSRDetailViewController.m; sourceTree = "<group>"; };
		B5DE44091885EB240026526B /* Images.xcassets */ = {isa = PBXFileReference; lastKnownFileType = folder.assetcatalog; path = Images.xcassets; sourceTree = "<group>"; };
		B5DE440F1885EB240026526B /* dsearchTests.xctest */ = {isa = PBXFileReference; explicitFileType = wrapper.cfbundle; includeInIndex = 0; path = dsearchTests.xctest; sourceTree = BUILT_PRODUCTS_DIR; };
		B5DE44101885EB240026526B /* XCTest.framework */ = {isa = PBXFileReference; lastKnownFileType = wrapper.framework; name = XCTest.framework; path = Library/Frameworks/XCTest.framework; sourceTree = DEVELOPER_DIR; };
		B5DE44181885EB240026526B /* dsearchTests-Info.plist */ = {isa = PBXFileReference; lastKnownFileType = text.plist.xml; path = "dsearchTests-Info.plist"; sourceTree = "<group>"; };
		B5DE441A1885EB240026526B /* en */ = {isa = PBXFileReference; lastKnownFileType = text.plist.strings; name = en; path = en.lproj/InfoPlist.strings; sourceTree = "<group>"; };
		B5DE441C1885EB240026526B /* dsearchTests.m */ = {isa = PBXFileReference; lastKnownFileType = sourcecode.c.objc; path = dsearchTests.m; sourceTree = "<group>"; };
		B5DE44271885F2380026526B /* DSRRequestManager.h */ = {isa = PBXFileReference; fileEncoding = 4; lastKnownFileType = sourcecode.c.h; path = DSRRequestManager.h; sourceTree = "<group>"; };
		B5DE44281885F2380026526B /* DSRRequestManager.m */ = {isa = PBXFileReference; fileEncoding = 4; lastKnownFileType = sourcecode.c.objc; path = DSRRequestManager.m; sourceTree = "<group>"; };
		B5DE442B188620260026526B /* DSRDeezerSearch.h */ = {isa = PBXFileReference; fileEncoding = 4; lastKnownFileType = sourcecode.c.h; path = DSRDeezerSearch.h; sourceTree = "<group>"; };
		B5DE442C188620260026526B /* DSRDeezerSearch.m */ = {isa = PBXFileReference; fileEncoding = 4; lastKnownFileType = sourcecode.c.objc; path = DSRDeezerSearch.m; sourceTree = "<group>"; };
		B5DE442E188628230026526B /* DSRArtist.h */ = {isa = PBXFileReference; fileEncoding = 4; lastKnownFileType = sourcecode.c.h; path = DSRArtist.h; sourceTree = "<group>"; };
		B5DE442F188628230026526B /* DSRArtist.m */ = {isa = PBXFileReference; fileEncoding = 4; lastKnownFileType = sourcecode.c.objc; path = DSRArtist.m; sourceTree = "<group>"; };
		B5DE4431188628830026526B /* DSRObject.h */ = {isa = PBXFileReference; fileEncoding = 4; lastKnownFileType = sourcecode.c.h; path = DSRObject.h; sourceTree = "<group>"; };
		B5DE4432188628830026526B /* DSRObject.m */ = {isa = PBXFileReference; fileEncoding = 4; lastKnownFileType = sourcecode.c.objc; path = DSRObject.m; sourceTree = "<group>"; };
		B5DE443418862F590026526B /* DSRAlbum.h */ = {isa = PBXFileReference; fileEncoding = 4; lastKnownFileType = sourcecode.c.h; path = DSRAlbum.h; sourceTree = "<group>"; };
		B5DE443518862F590026526B /* DSRAlbum.m */ = {isa = PBXFileReference; fileEncoding = 4; lastKnownFileType = sourcecode.c.objc; path = DSRAlbum.m; sourceTree = "<group>"; };
		B5DE443718862F640026526B /* DSRTrack.h */ = {isa = PBXFileReference; fileEncoding = 4; lastKnownFileType = sourcecode.c.h; path = DSRTrack.h; sourceTree = "<group>"; };
		B5DE443818862F640026526B /* DSRTrack.m */ = {isa = PBXFileReference; fileEncoding = 4; lastKnownFileType = sourcecode.c.objc; path = DSRTrack.m; sourceTree = "<group>"; };
/* End PBXFileReference section */

/* Begin PBXFrameworksBuildPhase section */
		B5DE43E51885EB240026526B /* Frameworks */ = {
			isa = PBXFrameworksBuildPhase;
			buildActionMask = 2147483647;
			files = (
				B5D006A118889EF900C13D95 /* AVFoundation.framework in Frameworks */,
				B5DE43EE1885EB240026526B /* CoreGraphics.framework in Frameworks */,
				B5DE43F01885EB240026526B /* UIKit.framework in Frameworks */,
				B5DE43EC1885EB240026526B /* Foundation.framework in Frameworks */,
			);
			runOnlyForDeploymentPostprocessing = 0;
		};
		B5DE440C1885EB240026526B /* Frameworks */ = {
			isa = PBXFrameworksBuildPhase;
			buildActionMask = 2147483647;
			files = (
				B5DE44111885EB240026526B /* XCTest.framework in Frameworks */,
				B5DE44131885EB240026526B /* UIKit.framework in Frameworks */,
				B5DE44121885EB240026526B /* Foundation.framework in Frameworks */,
			);
			runOnlyForDeploymentPostprocessing = 0;
		};
/* End PBXFrameworksBuildPhase section */

/* Begin PBXGroup section */
		B5DE43DF1885EB240026526B = {
			isa = PBXGroup;
			children = (
				B5DE43F11885EB240026526B /* dsearch */,
				B5DE44161885EB240026526B /* dsearchTests */,
				B5DE43EA1885EB240026526B /* Frameworks */,
				B5DE43E91885EB240026526B /* Products */,
			);
			sourceTree = "<group>";
		};
		B5DE43E91885EB240026526B /* Products */ = {
			isa = PBXGroup;
			children = (
				B5DE43E81885EB240026526B /* dsearch.app */,
				B5DE440F1885EB240026526B /* dsearchTests.xctest */,
			);
			name = Products;
			sourceTree = "<group>";
		};
		B5DE43EA1885EB240026526B /* Frameworks */ = {
			isa = PBXGroup;
			children = (
				B5D006A018889EF900C13D95 /* AVFoundation.framework */,
				B5DE43EB1885EB240026526B /* Foundation.framework */,
				B5DE43ED1885EB240026526B /* CoreGraphics.framework */,
				B5DE43EF1885EB240026526B /* UIKit.framework */,
				B5DE44101885EB240026526B /* XCTest.framework */,
			);
			name = Frameworks;
			sourceTree = "<group>";
		};
		B5DE43F11885EB240026526B /* dsearch */ = {
			isa = PBXGroup;
			children = (
				B5DE442A18861F760026526B /* Deezer */,
				B5DE44261885F2110026526B /* Requests */,
				B5DE43FA1885EB240026526B /* DSRAppDelegate.h */,
				B5DE43FB1885EB240026526B /* DSRAppDelegate.m */,
				B5DE43FD1885EB240026526B /* Main_iPhone.storyboard */,
				B5DE44001885EB240026526B /* Main_iPad.storyboard */,
				B5DE44031885EB240026526B /* DSRMasterViewController.h */,
				B5DE44041885EB240026526B /* DSRMasterViewController.m */,
				B5DE44061885EB240026526B /* DSRDetailViewController.h */,
				B5DE44071885EB240026526B /* DSRDetailViewController.m */,
				B5DE44091885EB240026526B /* Images.xcassets */,
				B5DE43F21885EB240026526B /* Supporting Files */,
			);
			path = dsearch;
			sourceTree = "<group>";
		};
		B5DE43F21885EB240026526B /* Supporting Files */ = {
			isa = PBXGroup;
			children = (
				B5DE43F31885EB240026526B /* dsearch-Info.plist */,
				B5DE43F41885EB240026526B /* InfoPlist.strings */,
				B5DE43F71885EB240026526B /* main.m */,
				B5DE43F91885EB240026526B /* dsearch-Prefix.pch */,
			);
			name = "Supporting Files";
			sourceTree = "<group>";
		};
		B5DE44161885EB240026526B /* dsearchTests */ = {
			isa = PBXGroup;
			children = (
				B5DE441C1885EB240026526B /* dsearchTests.m */,
				B5DE44171885EB240026526B /* Supporting Files */,
			);
			path = dsearchTests;
			sourceTree = "<group>";
		};
		B5DE44171885EB240026526B /* Supporting Files */ = {
			isa = PBXGroup;
			children = (
				B5DE44181885EB240026526B /* dsearchTests-Info.plist */,
				B5DE44191885EB240026526B /* InfoPlist.strings */,
			);
			name = "Supporting Files";
			sourceTree = "<group>";
		};
		B5DE44261885F2110026526B /* Requests */ = {
			isa = PBXGroup;
			children = (
				B5DE44271885F2380026526B /* DSRRequestManager.h */,
				B5DE44281885F2380026526B /* DSRRequestManager.m */,
			);
			name = Requests;
			sourceTree = "<group>";
		};
		B5DE442A18861F760026526B /* Deezer */ = {
			isa = PBXGroup;
			children = (
				B5DE442B188620260026526B /* DSRDeezerSearch.h */,
				B5DE442C188620260026526B /* DSRDeezerSearch.m */,
				B5DE442E188628230026526B /* DSRArtist.h */,
				B5DE442F188628230026526B /* DSRArtist.m */,
				B5DE443418862F590026526B /* DSRAlbum.h */,
				B5DE443518862F590026526B /* DSRAlbum.m */,
				B5DE443718862F640026526B /* DSRTrack.h */,
				B5DE443818862F640026526B /* DSRTrack.m */,
				B5DE4431188628830026526B /* DSRObject.h */,
				B5DE4432188628830026526B /* DSRObject.m */,
			);
			name = Deezer;
			sourceTree = "<group>";
		};
/* End PBXGroup section */

/* Begin PBXNativeTarget section */
		B5DE43E71885EB240026526B /* dsearch */ = {
			isa = PBXNativeTarget;
			buildConfigurationList = B5DE44201885EB240026526B /* Build configuration list for PBXNativeTarget "dsearch" */;
			buildPhases = (
				B5DE43E41885EB240026526B /* Sources */,
				B5DE43E51885EB240026526B /* Frameworks */,
				B5DE43E61885EB240026526B /* Resources */,
			);
			buildRules = (
			);
			dependencies = (
			);
			name = dsearch;
			productName = dsearch;
			productReference = B5DE43E81885EB240026526B /* dsearch.app */;
			productType = "com.apple.product-type.application";
		};
		B5DE440E1885EB240026526B /* dsearchTests */ = {
			isa = PBXNativeTarget;
			buildConfigurationList = B5DE44231885EB240026526B /* Build configuration list for PBXNativeTarget "dsearchTests" */;
			buildPhases = (
				B5DE440B1885EB240026526B /* Sources */,
				B5DE440C1885EB240026526B /* Frameworks */,
				B5DE440D1885EB240026526B /* Resources */,
			);
			buildRules = (
			);
			dependencies = (
				B5DE44151885EB240026526B /* PBXTargetDependency */,
			);
			name = dsearchTests;
			productName = dsearchTests;
			productReference = B5DE440F1885EB240026526B /* dsearchTests.xctest */;
			productType = "com.apple.product-type.bundle.unit-test";
		};
/* End PBXNativeTarget section */

/* Begin PBXProject section */
		B5DE43E01885EB240026526B /* Project object */ = {
			isa = PBXProject;
			attributes = {
				CLASSPREFIX = DSR;
				LastUpgradeCheck = 0500;
				ORGANIZATIONNAME = "guillaume faure";
				TargetAttributes = {
					B5DE440E1885EB240026526B = {
						TestTargetID = B5DE43E71885EB240026526B;
					};
				};
			};
			buildConfigurationList = B5DE43E31885EB240026526B /* Build configuration list for PBXProject "dsearch" */;
			compatibilityVersion = "Xcode 3.2";
			developmentRegion = English;
			hasScannedForEncodings = 0;
			knownRegions = (
				en,
				Base,
			);
			mainGroup = B5DE43DF1885EB240026526B;
			productRefGroup = B5DE43E91885EB240026526B /* Products */;
			projectDirPath = "";
			projectRoot = "";
			targets = (
				B5DE43E71885EB240026526B /* dsearch */,
				B5DE440E1885EB240026526B /* dsearchTests */,
			);
		};
/* End PBXProject section */

/* Begin PBXResourcesBuildPhase section */
		B5DE43E61885EB240026526B /* Resources */ = {
			isa = PBXResourcesBuildPhase;
			buildActionMask = 2147483647;
			files = (
				B5DE44021885EB240026526B /* Main_iPad.storyboard in Resources */,
				B5DE440A1885EB240026526B /* Images.xcassets in Resources */,
				B5DE43FF1885EB240026526B /* Main_iPhone.storyboard in Resources */,
				B5DE43F61885EB240026526B /* InfoPlist.strings in Resources */,
			);
			runOnlyForDeploymentPostprocessing = 0;
		};
		B5DE440D1885EB240026526B /* Resources */ = {
			isa = PBXResourcesBuildPhase;
			buildActionMask = 2147483647;
			files = (
				B5DE441B1885EB240026526B /* InfoPlist.strings in Resources */,
			);
			runOnlyForDeploymentPostprocessing = 0;
		};
/* End PBXResourcesBuildPhase section */

/* Begin PBXSourcesBuildPhase section */
		B5DE43E41885EB240026526B /* Sources */ = {
			isa = PBXSourcesBuildPhase;
			buildActionMask = 2147483647;
			files = (
				B5DE442D188620260026526B /* DSRDeezerSearch.m in Sources */,
				B5DE44291885F2380026526B /* DSRRequestManager.m in Sources */,
				B5DE44051885EB240026526B /* DSRMasterViewController.m in Sources */,
				B5DE443918862F640026526B /* DSRTrack.m in Sources */,
				B5DE4430188628230026526B /* DSRArtist.m in Sources */,
				B5DE43FC1885EB240026526B /* DSRAppDelegate.m in Sources */,
				B5DE443618862F590026526B /* DSRAlbum.m in Sources */,
				B5DE43F81885EB240026526B /* main.m in Sources */,
				B5DE4433188628830026526B /* DSRObject.m in Sources */,
				B5DE44081885EB240026526B /* DSRDetailViewController.m in Sources */,
			);
			runOnlyForDeploymentPostprocessing = 0;
		};
		B5DE440B1885EB240026526B /* Sources */ = {
			isa = PBXSourcesBuildPhase;
			buildActionMask = 2147483647;
			files = (
				B5DE441D1885EB240026526B /* dsearchTests.m in Sources */,
			);
			runOnlyForDeploymentPostprocessing = 0;
		};
/* End PBXSourcesBuildPhase section */

/* Begin PBXTargetDependency section */
		B5DE44151885EB240026526B /* PBXTargetDependency */ = {
			isa = PBXTargetDependency;
			target = B5DE43E71885EB240026526B /* dsearch */;
			targetProxy = B5DE44141885EB240026526B /* PBXContainerItemProxy */;
		};
/* End PBXTargetDependency section */

/* Begin PBXVariantGroup section */
		B5DE43F41885EB240026526B /* InfoPlist.strings */ = {
			isa = PBXVariantGroup;
			children = (
				B5DE43F51885EB240026526B /* en */,
			);
			name = InfoPlist.strings;
			sourceTree = "<group>";
		};
		B5DE43FD1885EB240026526B /* Main_iPhone.storyboard */ = {
			isa = PBXVariantGroup;
			children = (
				B5DE43FE1885EB240026526B /* Base */,
			);
			name = Main_iPhone.storyboard;
			sourceTree = "<group>";
		};
		B5DE44001885EB240026526B /* Main_iPad.storyboard */ = {
			isa = PBXVariantGroup;
			children = (
				B5DE44011885EB240026526B /* Base */,
			);
			name = Main_iPad.storyboard;
			sourceTree = "<group>";
		};
		B5DE44191885EB240026526B /* InfoPlist.strings */ = {
			isa = PBXVariantGroup;
			children = (
				B5DE441A1885EB240026526B /* en */,
			);
			name = InfoPlist.strings;
			sourceTree = "<group>";
		};
/* End PBXVariantGroup section */

/* Begin XCBuildConfiguration section */
		B5DE441E1885EB240026526B /* Debug */ = {
			isa = XCBuildConfiguration;
			buildSettings = {
				ALWAYS_SEARCH_USER_PATHS = NO;
				ARCHS = "$(ARCHS_STANDARD_INCLUDING_64_BIT)";
				CLANG_CXX_LANGUAGE_STANDARD = "gnu++0x";
				CLANG_CXX_LIBRARY = "libc++";
				CLANG_ENABLE_MODULES = YES;
				CLANG_ENABLE_OBJC_ARC = YES;
				CLANG_WARN_BOOL_CONVERSION = YES;
				CLANG_WARN_CONSTANT_CONVERSION = YES;
				CLANG_WARN_DIRECT_OBJC_ISA_USAGE = YES_ERROR;
				CLANG_WARN_EMPTY_BODY = YES;
				CLANG_WARN_ENUM_CONVERSION = YES;
				CLANG_WARN_INT_CONVERSION = YES;
				CLANG_WARN_OBJC_ROOT_CLASS = YES_ERROR;
				CLANG_WARN__DUPLICATE_METHOD_MATCH = YES;
				"CODE_SIGN_IDENTITY[sdk=iphoneos*]" = "iPhone Developer";
				COPY_PHASE_STRIP = NO;
				GCC_C_LANGUAGE_STANDARD = gnu99;
				GCC_DYNAMIC_NO_PIC = NO;
				GCC_OPTIMIZATION_LEVEL = 0;
				GCC_PREPROCESSOR_DEFINITIONS = (
					"DEBUG=1",
					"$(inherited)",
				);
				GCC_SYMBOLS_PRIVATE_EXTERN = NO;
				GCC_WARN_64_TO_32_BIT_CONVERSION = YES;
				GCC_WARN_ABOUT_RETURN_TYPE = YES_ERROR;
				GCC_WARN_UNDECLARED_SELECTOR = YES;
				GCC_WARN_UNINITIALIZED_AUTOS = YES;
				GCC_WARN_UNUSED_FUNCTION = YES;
				GCC_WARN_UNUSED_VARIABLE = YES;
				IPHONEOS_DEPLOYMENT_TARGET = 7.0;
				ONLY_ACTIVE_ARCH = YES;
				SDKROOT = iphoneos;
				TARGETED_DEVICE_FAMILY = "1,2";
			};
			name = Debug;
		};
		B5DE441F1885EB240026526B /* Release */ = {
			isa = XCBuildConfiguration;
			buildSettings = {
				ALWAYS_SEARCH_USER_PATHS = NO;
				ARCHS = "$(ARCHS_STANDARD_INCLUDING_64_BIT)";
				CLANG_CXX_LANGUAGE_STANDARD = "gnu++0x";
				CLANG_CXX_LIBRARY = "libc++";
				CLANG_ENABLE_MODULES = YES;
				CLANG_ENABLE_OBJC_ARC = YES;
				CLANG_WARN_BOOL_CONVERSION = YES;
				CLANG_WARN_CONSTANT_CONVERSION = YES;
				CLANG_WARN_DIRECT_OBJC_ISA_USAGE = YES_ERROR;
				CLANG_WARN_EMPTY_BODY = YES;
				CLANG_WARN_ENUM_CONVERSION = YES;
				CLANG_WARN_INT_CONVERSION = YES;
				CLANG_WARN_OBJC_ROOT_CLASS = YES_ERROR;
				CLANG_WARN__DUPLICATE_METHOD_MATCH = YES;
				"CODE_SIGN_IDENTITY[sdk=iphoneos*]" = "iPhone Developer";
				COPY_PHASE_STRIP = YES;
				ENABLE_NS_ASSERTIONS = NO;
				GCC_C_LANGUAGE_STANDARD = gnu99;
				GCC_WARN_64_TO_32_BIT_CONVERSION = YES;
				GCC_WARN_ABOUT_RETURN_TYPE = YES_ERROR;
				GCC_WARN_UNDECLARED_SELECTOR = YES;
				GCC_WARN_UNINITIALIZED_AUTOS = YES;
				GCC_WARN_UNUSED_FUNCTION = YES;
				GCC_WARN_UNUSED_VARIABLE = YES;
				IPHONEOS_DEPLOYMENT_TARGET = 7.0;
				SDKROOT = iphoneos;
				TARGETED_DEVICE_FAMILY = "1,2";
				VALIDATE_PRODUCT = YES;
			};
			name = Release;
		};
		B5DE44211885EB240026526B /* Debug */ = {
			isa = XCBuildConfiguration;
			buildSettings = {
				ASSETCATALOG_COMPILER_APPICON_NAME = AppIcon;
				ASSETCATALOG_COMPILER_LAUNCHIMAGE_NAME = LaunchImage;
				GCC_PRECOMPILE_PREFIX_HEADER = YES;
				GCC_PREFIX_HEADER = "dsearch/dsearch-Prefix.pch";
				INFOPLIST_FILE = "dsearch/dsearch-Info.plist";
				IPHONEOS_DEPLOYMENT_TARGET = 7.0;
				PRODUCT_NAME = "$(TARGET_NAME)";
				TARGETED_DEVICE_FAMILY = 1;
				WRAPPER_EXTENSION = app;
			};
			name = Debug;
		};
		B5DE44221885EB240026526B /* Release */ = {
			isa = XCBuildConfiguration;
			buildSettings = {
				ASSETCATALOG_COMPILER_APPICON_NAME = AppIcon;
				ASSETCATALOG_COMPILER_LAUNCHIMAGE_NAME = LaunchImage;
				GCC_PRECOMPILE_PREFIX_HEADER = YES;
				GCC_PREFIX_HEADER = "dsearch/dsearch-Prefix.pch";
				INFOPLIST_FILE = "dsearch/dsearch-Info.plist";
				IPHONEOS_DEPLOYMENT_TARGET = 7.0;
				PRODUCT_NAME = "$(TARGET_NAME)";
				TARGETED_DEVICE_FAMILY = 1;
				WRAPPER_EXTENSION = app;
			};
			name = Release;
		};
		B5DE44241885EB240026526B /* Debug */ = {
			isa = XCBuildConfiguration;
			buildSettings = {
				ARCHS = "$(ARCHS_STANDARD_INCLUDING_64_BIT)";
				BUNDLE_LOADER = "$(BUILT_PRODUCTS_DIR)/dsearch.app/dsearch";
				FRAMEWORK_SEARCH_PATHS = (
					"$(SDKROOT)/Developer/Library/Frameworks",
					"$(inherited)",
					"$(DEVELOPER_FRAMEWORKS_DIR)",
				);
				GCC_PRECOMPILE_PREFIX_HEADER = YES;
				GCC_PREFIX_HEADER = "dsearch/dsearch-Prefix.pch";
				GCC_PREPROCESSOR_DEFINITIONS = (
					"DEBUG=1",
					"$(inherited)",
				);
				INFOPLIST_FILE = "dsearchTests/dsearchTests-Info.plist";
				PRODUCT_NAME = "$(TARGET_NAME)";
				TEST_HOST = "$(BUNDLE_LOADER)";
				WRAPPER_EXTENSION = xctest;
			};
			name = Debug;
		};
		B5DE44251885EB240026526B /* Release */ = {
			isa = XCBuildConfiguration;
			buildSettings = {
				ARCHS = "$(ARCHS_STANDARD_INCLUDING_64_BIT)";
				BUNDLE_LOADER = "$(BUILT_PRODUCTS_DIR)/dsearch.app/dsearch";
				FRAMEWORK_SEARCH_PATHS = (
					"$(SDKROOT)/Developer/Library/Frameworks",
					"$(inherited)",
					"$(DEVELOPER_FRAMEWORKS_DIR)",
				);
				GCC_PRECOMPILE_PREFIX_HEADER = YES;
				GCC_PREFIX_HEADER = "dsearch/dsearch-Prefix.pch";
				INFOPLIST_FILE = "dsearchTests/dsearchTests-Info.plist";
				PRODUCT_NAME = "$(TARGET_NAME)";
				TEST_HOST = "$(BUNDLE_LOADER)";
				WRAPPER_EXTENSION = xctest;
			};
			name = Release;
		};
/* End XCBuildConfiguration section */

/* Begin XCConfigurationList section */
		B5DE43E31885EB240026526B /* Build configuration list for PBXProject "dsearch" */ = {
			isa = XCConfigurationList;
			buildConfigurations = (
				B5DE441E1885EB240026526B /* Debug */,
				B5DE441F1885EB240026526B /* Release */,
			);
			defaultConfigurationIsVisible = 0;
			defaultConfigurationName = Release;
		};
		B5DE44201885EB240026526B /* Build configuration list for PBXNativeTarget "dsearch" */ = {
			isa = XCConfigurationList;
			buildConfigurations = (
				B5DE44211885EB240026526B /* Debug */,
				B5DE44221885EB240026526B /* Release */,
			);
			defaultConfigurationIsVisible = 0;
			defaultConfigurationName = Release;
		};
		B5DE44231885EB240026526B /* Build configuration list for PBXNativeTarget "dsearchTests" */ = {
			isa = XCConfigurationList;
			buildConfigurations = (
				B5DE44241885EB240026526B /* Debug */,
				B5DE44251885EB240026526B /* Release */,
			);
			defaultConfigurationIsVisible = 0;
			defaultConfigurationName = Release;
		};
/* End XCConfigurationList section */
	};
	rootObject = B5DE43E01885EB240026526B /* Project object */;
}
